
Microsoft Visual Studio Solution File, Format Version 12.00
# Visual Studio Version 17
VisualStudioVersion = 17.1.32319.34
MinimumVisualStudioVersion = 10.0.40219.1
Project("{2150E333-8FDC-42A3-9474-1A3956D46DE8}") = "Server", "Server", "{143EBF57-F008-4195-AB6F-A315A68AFE94}"
EndProject
Project("{2150E333-8FDC-42A3-9474-1A3956D46DE8}") = "Client", "Client", "{BD622614-A47A-4DAD-8FCF-323AF7191CC1}"
EndProject
Project("{2150E333-8FDC-42A3-9474-1A3956D46DE8}") = "Common", "Common", "{4C028FCD-44B2-4DDD-9891-E18F4638B526}"
EndProject
Project("{9A19103F-16F7-4668-BE54-9A1E7A4F7556}") = "DataAccessLayer", "Server\DataAccessLayer\DataAccessLayer.csproj", "{D6338164-F767-4331-B5A8-03DE5A8A608F}"
EndProject
Project("{9A19103F-16F7-4668-BE54-9A1E7A4F7556}") = "EntityLayer", "Server\EntityLayer\EntityLayer.csproj", "{B6938638-F9AF-4B1F-9D29-11CD33DA8A9F}"
EndProject
Project("{9A19103F-16F7-4668-BE54-9A1E7A4F7556}") = "BusinessLayer", "Server\BusinessLayer\BusinessLayer.csproj", "{EB72F971-612A-4E6C-B9A4-7F2F7231A0D4}"
EndProject
Project("{9A19103F-16F7-4668-BE54-9A1E7A4F7556}") = "ServerApplication", "Server\ServerApplication\ServerApplication.csproj", "{6C261601-2596-479E-808C-904933666AF5}"
EndProject
Project("{9A19103F-16F7-4668-BE54-9A1E7A4F7556}") = "ClientApplication", "Client\ClientApplication\ClientApplication.csproj", "{7EBC79CA-CD0B-4646-8E99-A67CD3979F77}"
EndProject
Project("{9A19103F-16F7-4668-BE54-9A1E7A4F7556}") = "DTOLib", "Common\DTO\DTOLib.csproj", "{40FEBBBD-0F4D-4778-9294-FC189770AE6C}"
EndProject
Project("{9A19103F-16F7-4668-BE54-9A1E7A4F7556}") = "ClientLib", "ClientLib\ClientLib.csproj", "{4BC0DD28-0C9B-4352-8B09-C427FD8129B6}"
EndProject
Project("{FAE04EC0-301F-11D3-BF4B-00C04F79EFBC}") = "DataLib", "Common\DataLib\DataLib.csproj", "{2CAC54B6-91AE-4860-93B6-B1899F4A65EC}"
EndProject
Global
	GlobalSection(SolutionConfigurationPlatforms) = preSolution
		Debug|Any CPU = Debug|Any CPU
		Release|Any CPU = Release|Any CPU
	EndGlobalSection
	GlobalSection(ProjectConfigurationPlatforms) = postSolution
		{D6338164-F767-4331-B5A8-03DE5A8A608F}.Debug|Any CPU.ActiveCfg = Debug|Any CPU
		{D6338164-F767-4331-B5A8-03DE5A8A608F}.Debug|Any CPU.Build.0 = Debug|Any CPU
		{D6338164-F767-4331-B5A8-03DE5A8A608F}.Release|Any CPU.ActiveCfg = Release|Any CPU
		{D6338164-F767-4331-B5A8-03DE5A8A608F}.Release|Any CPU.Build.0 = Release|Any CPU
		{B6938638-F9AF-4B1F-9D29-11CD33DA8A9F}.Debug|Any CPU.ActiveCfg = Debug|Any CPU
		{B6938638-F9AF-4B1F-9D29-11CD33DA8A9F}.Debug|Any CPU.Build.0 = Debug|Any CPU
		{B6938638-F9AF-4B1F-9D29-11CD33DA8A9F}.Release|Any CPU.ActiveCfg = Release|Any CPU
		{B6938638-F9AF-4B1F-9D29-11CD33DA8A9F}.Release|Any CPU.Build.0 = Release|Any CPU
		{EB72F971-612A-4E6C-B9A4-7F2F7231A0D4}.Debug|Any CPU.ActiveCfg = Debug|Any CPU
		{EB72F971-612A-4E6C-B9A4-7F2F7231A0D4}.Debug|Any CPU.Build.0 = Debug|Any CPU
		{EB72F971-612A-4E6C-B9A4-7F2F7231A0D4}.Release|Any CPU.ActiveCfg = Release|Any CPU
		{EB72F971-612A-4E6C-B9A4-7F2F7231A0D4}.Release|Any CPU.Build.0 = Release|Any CPU
		{6C261601-2596-479E-808C-904933666AF5}.Debug|Any CPU.ActiveCfg = Debug|Any CPU
		{6C261601-2596-479E-808C-904933666AF5}.Debug|Any CPU.Build.0 = Debug|Any CPU
		{6C261601-2596-479E-808C-904933666AF5}.Release|Any CPU.ActiveCfg = Release|Any CPU
		{6C261601-2596-479E-808C-904933666AF5}.Release|Any CPU.Build.0 = Release|Any CPU
		{7EBC79CA-CD0B-4646-8E99-A67CD3979F77}.Debug|Any CPU.ActiveCfg = Debug|Any CPU
		{7EBC79CA-CD0B-4646-8E99-A67CD3979F77}.Debug|Any CPU.Build.0 = Debug|Any CPU
		{7EBC79CA-CD0B-4646-8E99-A67CD3979F77}.Release|Any CPU.ActiveCfg = Release|Any CPU
		{7EBC79CA-CD0B-4646-8E99-A67CD3979F77}.Release|Any CPU.Build.0 = Release|Any CPU
		{40FEBBBD-0F4D-4778-9294-FC189770AE6C}.Debug|Any CPU.ActiveCfg = Debug|Any CPU
		{40FEBBBD-0F4D-4778-9294-FC189770AE6C}.Debug|Any CPU.Build.0 = Debug|Any CPU
		{40FEBBBD-0F4D-4778-9294-FC189770AE6C}.Release|Any CPU.ActiveCfg = Release|Any CPU
		{40FEBBBD-0F4D-4778-9294-FC189770AE6C}.Release|Any CPU.Build.0 = Release|Any CPU
		{4BC0DD28-0C9B-4352-8B09-C427FD8129B6}.Debug|Any CPU.ActiveCfg = Debug|Any CPU
		{4BC0DD28-0C9B-4352-8B09-C427FD8129B6}.Debug|Any CPU.Build.0 = Debug|Any CPU
		{4BC0DD28-0C9B-4352-8B09-C427FD8129B6}.Release|Any CPU.ActiveCfg = Release|Any CPU
		{4BC0DD28-0C9B-4352-8B09-C427FD8129B6}.Release|Any CPU.Build.0 = Release|Any CPU
		{2CAC54B6-91AE-4860-93B6-B1899F4A65EC}.Debug|Any CPU.ActiveCfg = Debug|Any CPU
		{2CAC54B6-91AE-4860-93B6-B1899F4A65EC}.Debug|Any CPU.Build.0 = Debug|Any CPU
		{2CAC54B6-91AE-4860-93B6-B1899F4A65EC}.Release|Any CPU.ActiveCfg = Release|Any CPU
		{2CAC54B6-91AE-4860-93B6-B1899F4A65EC}.Release|Any CPU.Build.0 = Release|Any CPU
	EndGlobalSection
	GlobalSection(SolutionProperties) = preSolution
		HideSolutionNode = FALSE
	EndGlobalSection
	GlobalSection(NestedProjects) = preSolution
		{D6338164-F767-4331-B5A8-03DE5A8A608F} = {143EBF57-F008-4195-AB6F-A315A68AFE94}
		{B6938638-F9AF-4B1F-9D29-11CD33DA8A9F} = {143EBF57-F008-4195-AB6F-A315A68AFE94}
		{EB72F971-612A-4E6C-B9A4-7F2F7231A0D4} = {143EBF57-F008-4195-AB6F-A315A68AFE94}
		{6C261601-2596-479E-808C-904933666AF5} = {143EBF57-F008-4195-AB6F-A315A68AFE94}
		{7EBC79CA-CD0B-4646-8E99-A67CD3979F77} = {BD622614-A47A-4DAD-8FCF-323AF7191CC1}
		{40FEBBBD-0F4D-4778-9294-FC189770AE6C} = {4C028FCD-44B2-4DDD-9891-E18F4638B526}
		{4BC0DD28-0C9B-4352-8B09-C427FD8129B6} = {BD622614-A47A-4DAD-8FCF-323AF7191CC1}
		{2CAC54B6-91AE-4860-93B6-B1899F4A65EC} = {4C028FCD-44B2-4DDD-9891-E18F4638B526}
	EndGlobalSection
	GlobalSection(ExtensibilityGlobals) = postSolution
		SolutionGuid = {BAC3246B-17AE-4545-B4B2-60504BD28DC3}
	EndGlobalSection
EndGlobal
